
Microsoft Visual Studio Solution File, Format Version 12.00
# Visual Studio Version 17
VisualStudioVersion = 17.8.34330.188
MinimumVisualStudioVersion = 10.0.40219.1
Project("{FAE04EC0-301F-11D3-BF4B-00C04F79EFBC}") = "Proiectie", "Proiectie\Proiectie.csproj", "{816CEDE3-4351-4721-AE45-5005100C4A66}"
EndProject
Global
	GlobalSection(SolutionConfigurationPlatforms) = preSolution
		Debug|Any CPU = Debug|Any CPU
		Release|Any CPU = Release|Any CPU
	EndGlobalSection
	GlobalSection(ProjectConfigurationPlatforms) = postSolution
		{816CEDE3-4351-4721-AE45-5005100C4A66}.Debug|Any CPU.ActiveCfg = Debug|Any CPU
		{816CEDE3-4351-4721-AE45-5005100C4A66}.Debug|Any CPU.Build.0 = Debug|Any CPU
		{816CEDE3-4351-4721-AE45-5005100C4A66}.Release|Any CPU.ActiveCfg = Release|Any CPU
		{816CEDE3-4351-4721-AE45-5005100C4A66}.Release|Any CPU.Build.0 = Release|Any CPU
	EndGlobalSection
	GlobalSection(SolutionProperties) = preSolution
		HideSolutionNode = FALSE
	EndGlobalSection
	GlobalSection(ExtensibilityGlobals) = postSolution
		SolutionGuid = {D014B8AF-7290-49EF-96B3-89CC8061061C}
	EndGlobalSection
EndGlobal
